
Microsoft Visual Studio Solution File, Format Version 12.00
# Visual Studio Version 17
VisualStudioVersion = 17.5.33502.453
MinimumVisualStudioVersion = 10.0.40219.1
Project("{FAE04EC0-301F-11D3-BF4B-00C04F79EFBC}") = "sieu_thi_mini", "sieu_thi_mini\sieu_thi_mini.csproj", "{444A6E70-C10F-4072-A7C4-73F64F80B279}"
EndProject
Project("{FAE04EC0-301F-11D3-BF4B-00C04F79EFBC}") = "UnitTestProject", "UnitTestProject\UnitTestProject.csproj", "{B6011229-9E11-4FDA-A3B2-B7B2AEB91724}"
EndProject
Project("{FAE04EC0-301F-11D3-BF4B-00C04F79EFBC}") = "AutoTest", "AutoTest\AutoTest.csproj", "{D9ABD3FC-ACB8-4256-990F-8FD90B9701B4}"
EndProject
Global
	GlobalSection(SolutionConfigurationPlatforms) = preSolution
		Debug|Any CPU = Debug|Any CPU
		Release|Any CPU = Release|Any CPU
	EndGlobalSection
	GlobalSection(ProjectConfigurationPlatforms) = postSolution
		{444A6E70-C10F-4072-A7C4-73F64F80B279}.Debug|Any CPU.ActiveCfg = Debug|Any CPU
		{444A6E70-C10F-4072-A7C4-73F64F80B279}.Debug|Any CPU.Build.0 = Debug|Any CPU
		{444A6E70-C10F-4072-A7C4-73F64F80B279}.Release|Any CPU.ActiveCfg = Release|Any CPU
		{444A6E70-C10F-4072-A7C4-73F64F80B279}.Release|Any CPU.Build.0 = Release|Any CPU
		{B6011229-9E11-4FDA-A3B2-B7B2AEB91724}.Debug|Any CPU.ActiveCfg = Debug|Any CPU
		{B6011229-9E11-4FDA-A3B2-B7B2AEB91724}.Debug|Any CPU.Build.0 = Debug|Any CPU
		{B6011229-9E11-4FDA-A3B2-B7B2AEB91724}.Release|Any CPU.ActiveCfg = Release|Any CPU
		{B6011229-9E11-4FDA-A3B2-B7B2AEB91724}.Release|Any CPU.Build.0 = Release|Any CPU
		{D9ABD3FC-ACB8-4256-990F-8FD90B9701B4}.Debug|Any CPU.ActiveCfg = Debug|Any CPU
		{D9ABD3FC-ACB8-4256-990F-8FD90B9701B4}.Debug|Any CPU.Build.0 = Debug|Any CPU
		{D9ABD3FC-ACB8-4256-990F-8FD90B9701B4}.Release|Any CPU.ActiveCfg = Release|Any CPU
		{D9ABD3FC-ACB8-4256-990F-8FD90B9701B4}.Release|Any CPU.Build.0 = Release|Any CPU
	EndGlobalSection
	GlobalSection(SolutionProperties) = preSolution
		HideSolutionNode = FALSE
	EndGlobalSection
	GlobalSection(ExtensibilityGlobals) = postSolution
		SolutionGuid = {D80AF197-CCEC-4F17-8640-68F8ACE94088}
	EndGlobalSection
EndGlobal
